// !$*UTF8*$!
{
	archiveVersion = 1;
	classes = {
	};
	objectVersion = 48;
	objects = {

/* Begin PBXBuildFile section */
		65DCC0BF201E927D00D21220 /* AppDelegate.swift in Sources */ = {isa = PBXBuildFile; fileRef = 65DCC0BE201E927D00D21220 /* AppDelegate.swift */; };
		65DCC0C1201E927D00D21220 /* ViewController.swift in Sources */ = {isa = PBXBuildFile; fileRef = 65DCC0C0201E927D00D21220 /* ViewController.swift */; };
		65DCC0C4201E927D00D21220 /* Main.storyboard in Resources */ = {isa = PBXBuildFile; fileRef = 65DCC0C2201E927D00D21220 /* Main.storyboard */; };
		65DCC0C6201E927D00D21220 /* Assets.xcassets in Resources */ = {isa = PBXBuildFile; fileRef = 65DCC0C5201E927D00D21220 /* Assets.xcassets */; };
		65DCC0C9201E927D00D21220 /* LaunchScreen.storyboard in Resources */ = {isa = PBXBuildFile; fileRef = 65DCC0C7201E927D00D21220 /* LaunchScreen.storyboard */; };
		65DCC0D4201E927D00D21220 /* simple_calcTests.swift in Sources */ = {isa = PBXBuildFile; fileRef = 65DCC0D3201E927D00D21220 /* simple_calcTests.swift */; };
		65DCC0DF201E927D00D21220 /* simple_calcUITests.swift in Sources */ = {isa = PBXBuildFile; fileRef = 65DCC0DE201E927D00D21220 /* simple_calcUITests.swift */; };
		65DCC0ED201E993300D21220 /* RoundButton.swift in Sources */ = {isa = PBXBuildFile; fileRef = 65DCC0EC201E993300D21220 /* RoundButton.swift */; };
/* End PBXBuildFile section */

/* Begin PBXContainerItemProxy section */
		65DCC0D0201E927D00D21220 /* PBXContainerItemProxy */ = {
			isa = PBXContainerItemProxy;
			containerPortal = 65DCC0B3201E927D00D21220 /* Project object */;
			proxyType = 1;
			remoteGlobalIDString = 65DCC0BA201E927D00D21220;
			remoteInfo = "simple-calc";
		};
		65DCC0DB201E927D00D21220 /* PBXContainerItemProxy */ = {
			isa = PBXContainerItemProxy;
			containerPortal = 65DCC0B3201E927D00D21220 /* Project object */;
			proxyType = 1;
			remoteGlobalIDString = 65DCC0BA201E927D00D21220;
			remoteInfo = "simple-calc";
		};
/* End PBXContainerItemProxy section */

/* Begin PBXFileReference section */
		65DCC0BB201E927D00D21220 /* simple-calc.app */ = {isa = PBXFileReference; explicitFileType = wrapper.application; includeInIndex = 0; path = "simple-calc.app"; sourceTree = BUILT_PRODUCTS_DIR; };
		65DCC0BE201E927D00D21220 /* AppDelegate.swift */ = {isa = PBXFileReference; lastKnownFileType = sourcecode.swift; path = AppDelegate.swift; sourceTree = "<group>"; };
		65DCC0C0201E927D00D21220 /* ViewController.swift */ = {isa = PBXFileReference; lastKnownFileType = sourcecode.swift; path = ViewController.swift; sourceTree = "<group>"; };
		65DCC0C3201E927D00D21220 /* Base */ = {isa = PBXFileReference; lastKnownFileType = file.storyboard; name = Base; path = Base.lproj/Main.storyboard; sourceTree = "<group>"; };
		65DCC0C5201E927D00D21220 /* Assets.xcassets */ = {isa = PBXFileReference; lastKnownFileType = folder.assetcatalog; path = Assets.xcassets; sourceTree = "<group>"; };
		65DCC0C8201E927D00D21220 /* Base */ = {isa = PBXFileReference; lastKnownFileType = file.storyboard; name = Base; path = Base.lproj/LaunchScreen.storyboard; sourceTree = "<group>"; };
		65DCC0CA201E927D00D21220 /* Info.plist */ = {isa = PBXFileReference; lastKnownFileType = text.plist.xml; path = Info.plist; sourceTree = "<group>"; };
		65DCC0CF201E927D00D21220 /* simple-calcTests.xctest */ = {isa = PBXFileReference; explicitFileType = wrapper.cfbundle; includeInIndex = 0; path = "simple-calcTests.xctest"; sourceTree = BUILT_PRODUCTS_DIR; };
		65DCC0D3201E927D00D21220 /* simple_calcTests.swift */ = {isa = PBXFileReference; lastKnownFileType = sourcecode.swift; path = simple_calcTests.swift; sourceTree = "<group>"; };
		65DCC0D5201E927D00D21220 /* Info.plist */ = {isa = PBXFileReference; lastKnownFileType = text.plist.xml; path = Info.plist; sourceTree = "<group>"; };
		65DCC0DA201E927D00D21220 /* simple-calcUITests.xctest */ = {isa = PBXFileReference; explicitFileType = wrapper.cfbundle; includeInIndex = 0; path = "simple-calcUITests.xctest"; sourceTree = BUILT_PRODUCTS_DIR; };
		65DCC0DE201E927D00D21220 /* simple_calcUITests.swift */ = {isa = PBXFileReference; lastKnownFileType = sourcecode.swift; path = simple_calcUITests.swift; sourceTree = "<group>"; };
		65DCC0E0201E927D00D21220 /* Info.plist */ = {isa = PBXFileReference; lastKnownFileType = text.plist.xml; path = Info.plist; sourceTree = "<group>"; };
		65DCC0EC201E993300D21220 /* RoundButton.swift */ = {isa = PBXFileReference; lastKnownFileType = sourcecode.swift; path = RoundButton.swift; sourceTree = "<group>"; };
/* End PBXFileReference section */

/* Begin PBXFrameworksBuildPhase section */
		65DCC0B8201E927D00D21220 /* Frameworks */ = {
			isa = PBXFrameworksBuildPhase;
			buildActionMask = 2147483647;
			files = (
			);
			runOnlyForDeploymentPostprocessing = 0;
		};
		65DCC0CC201E927D00D21220 /* Frameworks */ = {
			isa = PBXFrameworksBuildPhase;
			buildActionMask = 2147483647;
			files = (
			);
			runOnlyForDeploymentPostprocessing = 0;
		};
		65DCC0D7201E927D00D21220 /* Frameworks */ = {
			isa = PBXFrameworksBuildPhase;
			buildActionMask = 2147483647;
			files = (
			);
			runOnlyForDeploymentPostprocessing = 0;
		};
/* End PBXFrameworksBuildPhase section */

/* Begin PBXGroup section */
		65DCC0B2201E927D00D21220 = {
			isa = PBXGroup;
			children = (
				65DCC0BD201E927D00D21220 /* simple-calc */,
				65DCC0D2201E927D00D21220 /* simple-calcTests */,
				65DCC0DD201E927D00D21220 /* simple-calcUITests */,
				65DCC0BC201E927D00D21220 /* Products */,
			);
			sourceTree = "<group>";
		};
		65DCC0BC201E927D00D21220 /* Products */ = {
			isa = PBXGroup;
			children = (
				65DCC0BB201E927D00D21220 /* simple-calc.app */,
				65DCC0CF201E927D00D21220 /* simple-calcTests.xctest */,
				65DCC0DA201E927D00D21220 /* simple-calcUITests.xctest */,
			);
			name = Products;
			sourceTree = "<group>";
		};
		65DCC0BD201E927D00D21220 /* simple-calc */ = {
			isa = PBXGroup;
			children = (
				65DCC0BE201E927D00D21220 /* AppDelegate.swift */,
				65DCC0C0201E927D00D21220 /* ViewController.swift */,
				65DCC0C2201E927D00D21220 /* Main.storyboard */,
				65DCC0C5201E927D00D21220 /* Assets.xcassets */,
				65DCC0C7201E927D00D21220 /* LaunchScreen.storyboard */,
				65DCC0CA201E927D00D21220 /* Info.plist */,
				65DCC0EC201E993300D21220 /* RoundButton.swift */,
			);
			path = "simple-calc";
			sourceTree = "<group>";
		};
		65DCC0D2201E927D00D21220 /* simple-calcTests */ = {
			isa = PBXGroup;
			children = (
				65DCC0D3201E927D00D21220 /* simple_calcTests.swift */,
				65DCC0D5201E927D00D21220 /* Info.plist */,
			);
			path = "simple-calcTests";
			sourceTree = "<group>";
		};
		65DCC0DD201E927D00D21220 /* simple-calcUITests */ = {
			isa = PBXGroup;
			children = (
				65DCC0DE201E927D00D21220 /* simple_calcUITests.swift */,
				65DCC0E0201E927D00D21220 /* Info.plist */,
			);
			path = "simple-calcUITests";
			sourceTree = "<group>";
		};
/* End PBXGroup section */

/* Begin PBXNativeTarget section */
		65DCC0BA201E927D00D21220 /* simple-calc */ = {
			isa = PBXNativeTarget;
			buildConfigurationList = 65DCC0E3201E927D00D21220 /* Build configuration list for PBXNativeTarget "simple-calc" */;
			buildPhases = (
				65DCC0B7201E927D00D21220 /* Sources */,
				65DCC0B8201E927D00D21220 /* Frameworks */,
				65DCC0B9201E927D00D21220 /* Resources */,
			);
			buildRules = (
			);
			dependencies = (
			);
			name = "simple-calc";
			productName = "simple-calc";
			productReference = 65DCC0BB201E927D00D21220 /* simple-calc.app */;
			productType = "com.apple.product-type.application";
		};
		65DCC0CE201E927D00D21220 /* simple-calcTests */ = {
			isa = PBXNativeTarget;
			buildConfigurationList = 65DCC0E6201E927D00D21220 /* Build configuration list for PBXNativeTarget "simple-calcTests" */;
			buildPhases = (
				65DCC0CB201E927D00D21220 /* Sources */,
				65DCC0CC201E927D00D21220 /* Frameworks */,
				65DCC0CD201E927D00D21220 /* Resources */,
			);
			buildRules = (
			);
			dependencies = (
				65DCC0D1201E927D00D21220 /* PBXTargetDependency */,
			);
			name = "simple-calcTests";
			productName = "simple-calcTests";
			productReference = 65DCC0CF201E927D00D21220 /* simple-calcTests.xctest */;
			productType = "com.apple.product-type.bundle.unit-test";
		};
		65DCC0D9201E927D00D21220 /* simple-calcUITests */ = {
			isa = PBXNativeTarget;
			buildConfigurationList = 65DCC0E9201E927D00D21220 /* Build configuration list for PBXNativeTarget "simple-calcUITests" */;
			buildPhases = (
				65DCC0D6201E927D00D21220 /* Sources */,
				65DCC0D7201E927D00D21220 /* Frameworks */,
				65DCC0D8201E927D00D21220 /* Resources */,
			);
			buildRules = (
			);
			dependencies = (
				65DCC0DC201E927D00D21220 /* PBXTargetDependency */,
			);
			name = "simple-calcUITests";
			productName = "simple-calcUITests";
			productReference = 65DCC0DA201E927D00D21220 /* simple-calcUITests.xctest */;
			productType = "com.apple.product-type.bundle.ui-testing";
		};
/* End PBXNativeTarget section */

/* Begin PBXProject section */
		65DCC0B3201E927D00D21220 /* Project object */ = {
			isa = PBXProject;
			attributes = {
				LastSwiftUpdateCheck = 0920;
				LastUpgradeCheck = 0920;
				ORGANIZATIONNAME = "Andre Nguyen";
				TargetAttributes = {
					65DCC0BA201E927D00D21220 = {
						CreatedOnToolsVersion = 9.2;
						ProvisioningStyle = Automatic;
					};
					65DCC0CE201E927D00D21220 = {
						CreatedOnToolsVersion = 9.2;
						ProvisioningStyle = Automatic;
						TestTargetID = 65DCC0BA201E927D00D21220;
					};
					65DCC0D9201E927D00D21220 = {
						CreatedOnToolsVersion = 9.2;
						ProvisioningStyle = Automatic;
						TestTargetID = 65DCC0BA201E927D00D21220;
					};
				};
			};
			buildConfigurationList = 65DCC0B6201E927D00D21220 /* Build configuration list for PBXProject "simple-calc" */;
			compatibilityVersion = "Xcode 8.0";
			developmentRegion = en;
			hasScannedForEncodings = 0;
			knownRegions = (
				en,
				Base,
			);
			mainGroup = 65DCC0B2201E927D00D21220;
			productRefGroup = 65DCC0BC201E927D00D21220 /* Products */;
			projectDirPath = "";
			projectRoot = "";
			targets = (
				65DCC0BA201E927D00D21220 /* simple-calc */,
				65DCC0CE201E927D00D21220 /* simple-calcTests */,
				65DCC0D9201E927D00D21220 /* simple-calcUITests */,
			);
		};
/* End PBXProject section */

/* Begin PBXResourcesBuildPhase section */
		65DCC0B9201E927D00D21220 /* Resources */ = {
			isa = PBXResourcesBuildPhase;
			buildActionMask = 2147483647;
			files = (
				65DCC0C9201E927D00D21220 /* LaunchScreen.storyboard in Resources */,
				65DCC0C6201E927D00D21220 /* Assets.xcassets in Resources */,
				65DCC0C4201E927D00D21220 /* Main.storyboard in Resources */,
			);
			runOnlyForDeploymentPostprocessing = 0;
		};
		65DCC0CD201E927D00D21220 /* Resources */ = {
			isa = PBXResourcesBuildPhase;
			buildActionMask = 2147483647;
			files = (
			);
			runOnlyForDeploymentPostprocessing = 0;
		};
		65DCC0D8201E927D00D21220 /* Resources */ = {
			isa = PBXResourcesBuildPhase;
			buildActionMask = 2147483647;
			files = (
			);
			runOnlyForDeploymentPostprocessing = 0;
		};
/* End PBXResourcesBuildPhase section */

/* Begin PBXSourcesBuildPhase section */
		65DCC0B7201E927D00D21220 /* Sources */ = {
			isa = PBXSourcesBuildPhase;
			buildActionMask = 2147483647;
			files = (
				65DCC0ED201E993300D21220 /* RoundButton.swift in Sources */,
				65DCC0C1201E927D00D21220 /* ViewController.swift in Sources */,
				65DCC0BF201E927D00D21220 /* AppDelegate.swift in Sources */,
			);
			runOnlyForDeploymentPostprocessing = 0;
		};
		65DCC0CB201E927D00D21220 /* Sources */ = {
			isa = PBXSourcesBuildPhase;
			buildActionMask = 2147483647;
			files = (
				65DCC0D4201E927D00D21220 /* simple_calcTests.swift in Sources */,
			);
			runOnlyForDeploymentPostprocessing = 0;
		};
		65DCC0D6201E927D00D21220 /* Sources */ = {
			isa = PBXSourcesBuildPhase;
			buildActionMask = 2147483647;
			files = (
				65DCC0DF201E927D00D21220 /* simple_calcUITests.swift in Sources */,
			);
			runOnlyForDeploymentPostprocessing = 0;
		};
/* End PBXSourcesBuildPhase section */

/* Begin PBXTargetDependency section */
		65DCC0D1201E927D00D21220 /* PBXTargetDependency */ = {
			isa = PBXTargetDependency;
			target = 65DCC0BA201E927D00D21220 /* simple-calc */;
			targetProxy = 65DCC0D0201E927D00D21220 /* PBXContainerItemProxy */;
		};
		65DCC0DC201E927D00D21220 /* PBXTargetDependency */ = {
			isa = PBXTargetDependency;
			target = 65DCC0BA201E927D00D21220 /* simple-calc */;
			targetProxy = 65DCC0DB201E927D00D21220 /* PBXContainerItemProxy */;
		};
/* End PBXTargetDependency section */

/* Begin PBXVariantGroup section */
		65DCC0C2201E927D00D21220 /* Main.storyboard */ = {
			isa = PBXVariantGroup;
			children = (
				65DCC0C3201E927D00D21220 /* Base */,
			);
			name = Main.storyboard;
			sourceTree = "<group>";
		};
		65DCC0C7201E927D00D21220 /* LaunchScreen.storyboard */ = {
			isa = PBXVariantGroup;
			children = (
				65DCC0C8201E927D00D21220 /* Base */,
			);
			name = LaunchScreen.storyboard;
			sourceTree = "<group>";
		};
/* End PBXVariantGroup section */

/* Begin XCBuildConfiguration section */
		65DCC0E1201E927D00D21220 /* Debug */ = {
			isa = XCBuildConfiguration;
			buildSettings = {
				ALWAYS_SEARCH_USER_PATHS = NO;
				CLANG_ANALYZER_NONNULL = YES;
				CLANG_ANALYZER_NUMBER_OBJECT_CONVERSION = YES_AGGRESSIVE;
				CLANG_CXX_LANGUAGE_STANDARD = "gnu++14";
				CLANG_CXX_LIBRARY = "libc++";
				CLANG_ENABLE_MODULES = YES;
				CLANG_ENABLE_OBJC_ARC = YES;
				CLANG_WARN_BLOCK_CAPTURE_AUTORELEASING = YES;
				CLANG_WARN_BOOL_CONVERSION = YES;
				CLANG_WARN_COMMA = YES;
				CLANG_WARN_CONSTANT_CONVERSION = YES;
				CLANG_WARN_DIRECT_OBJC_ISA_USAGE = YES_ERROR;
				CLANG_WARN_DOCUMENTATION_COMMENTS = YES;
				CLANG_WARN_EMPTY_BODY = YES;
				CLANG_WARN_ENUM_CONVERSION = YES;
				CLANG_WARN_INFINITE_RECURSION = YES;
				CLANG_WARN_INT_CONVERSION = YES;
				CLANG_WARN_NON_LITERAL_NULL_CONVERSION = YES;
				CLANG_WARN_OBJC_LITERAL_CONVERSION = YES;
				CLANG_WARN_OBJC_ROOT_CLASS = YES_ERROR;
				CLANG_WARN_RANGE_LOOP_ANALYSIS = YES;
				CLANG_WARN_STRICT_PROTOTYPES = YES;
				CLANG_WARN_SUSPICIOUS_MOVE = YES;
				CLANG_WARN_UNGUARDED_AVAILABILITY = YES_AGGRESSIVE;
				CLANG_WARN_UNREACHABLE_CODE = YES;
				CLANG_WARN__DUPLICATE_METHOD_MATCH = YES;
				CODE_SIGN_IDENTITY = "iPhone Developer";
				COPY_PHASE_STRIP = NO;
				DEBUG_INFORMATION_FORMAT = dwarf;
				ENABLE_STRICT_OBJC_MSGSEND = YES;
				ENABLE_TESTABILITY = YES;
				GCC_C_LANGUAGE_STANDARD = gnu11;
				GCC_DYNAMIC_NO_PIC = NO;
				GCC_NO_COMMON_BLOCKS = YES;
				GCC_OPTIMIZATION_LEVEL = 0;
				GCC_PREPROCESSOR_DEFINITIONS = (
					"DEBUG=1",
					"$(inherited)",
				);
				GCC_WARN_64_TO_32_BIT_CONVERSION = YES;
				GCC_WARN_ABOUT_RETURN_TYPE = YES_ERROR;
				GCC_WARN_UNDECLARED_SELECTOR = YES;
				GCC_WARN_UNINITIALIZED_AUTOS = YES_AGGRESSIVE;
				GCC_WARN_UNUSED_FUNCTION = YES;
				GCC_WARN_UNUSED_VARIABLE = YES;
				IPHONEOS_DEPLOYMENT_TARGET = 11.2;
				MTL_ENABLE_DEBUG_INFO = YES;
				ONLY_ACTIVE_ARCH = YES;
				SDKROOT = iphoneos;
				SWIFT_ACTIVE_COMPILATION_CONDITIONS = DEBUG;
				SWIFT_OPTIMIZATION_LEVEL = "-Onone";
			};
			name = Debug;
		};
		65DCC0E2201E927D00D21220 /* Release */ = {
			isa = XCBuildConfiguration;
			buildSettings = {
				ALWAYS_SEARCH_USER_PATHS = NO;
				CLANG_ANALYZER_NONNULL = YES;
				CLANG_ANALYZER_NUMBER_OBJECT_CONVERSION = YES_AGGRESSIVE;
				CLANG_CXX_LANGUAGE_STANDARD = "gnu++14";
				CLANG_CXX_LIBRARY = "libc++";
				CLANG_ENABLE_MODULES = YES;
				CLANG_ENABLE_OBJC_ARC = YES;
				CLANG_WARN_BLOCK_CAPTURE_AUTORELEASING = YES;
				CLANG_WARN_BOOL_CONVERSION = YES;
				CLANG_WARN_COMMA = YES;
				CLANG_WARN_CONSTANT_CONVERSION = YES;
				CLANG_WARN_DIRECT_OBJC_ISA_USAGE = YES_ERROR;
				CLANG_WARN_DOCUMENTATION_COMMENTS = YES;
				CLANG_WARN_EMPTY_BODY = YES;
				CLANG_WARN_ENUM_CONVERSION = YES;
				CLANG_WARN_INFINITE_RECURSION = YES;
				CLANG_WARN_INT_CONVERSION = YES;
				CLANG_WARN_NON_LITERAL_NULL_CONVERSION = YES;
				CLANG_WARN_OBJC_LITERAL_CONVERSION = YES;
				CLANG_WARN_OBJC_ROOT_CLASS = YES_ERROR;
				CLANG_WARN_RANGE_LOOP_ANALYSIS = YES;
				CLANG_WARN_STRICT_PROTOTYPES = YES;
				CLANG_WARN_SUSPICIOUS_MOVE = YES;
				CLANG_WARN_UNGUARDED_AVAILABILITY = YES_AGGRESSIVE;
				CLANG_WARN_UNREACHABLE_CODE = YES;
				CLANG_WARN__DUPLICATE_METHOD_MATCH = YES;
				CODE_SIGN_IDENTITY = "iPhone Developer";
				COPY_PHASE_STRIP = NO;
				DEBUG_INFORMATION_FORMAT = "dwarf-with-dsym";
				ENABLE_NS_ASSERTIONS = NO;
				ENABLE_STRICT_OBJC_MSGSEND = YES;
				GCC_C_LANGUAGE_STANDARD = gnu11;
				GCC_NO_COMMON_BLOCKS = YES;
				GCC_WARN_64_TO_32_BIT_CONVERSION = YES;
				GCC_WARN_ABOUT_RETURN_TYPE = YES_ERROR;
				GCC_WARN_UNDECLARED_SELECTOR = YES;
				GCC_WARN_UNINITIALIZED_AUTOS = YES_AGGRESSIVE;
				GCC_WARN_UNUSED_FUNCTION = YES;
				GCC_WARN_UNUSED_VARIABLE = YES;
				IPHONEOS_DEPLOYMENT_TARGET = 11.2;
				MTL_ENABLE_DEBUG_INFO = NO;
				SDKROOT = iphoneos;
				SWIFT_OPTIMIZATION_LEVEL = "-Owholemodule";
				VALIDATE_PRODUCT = YES;
			};
			name = Release;
		};
		65DCC0E4201E927D00D21220 /* Debug */ = {
			isa = XCBuildConfiguration;
			buildSettings = {
				ASSETCATALOG_COMPILER_APPICON_NAME = AppIcon;
				CODE_SIGN_STYLE = Automatic;
				DEVELOPMENT_TEAM = 6YML4TDR38;
				INFOPLIST_FILE = "simple-calc/Info.plist";
				IPHONEOS_DEPLOYMENT_TARGET = 9.0;
				LD_RUNPATH_SEARCH_PATHS = "$(inherited) @executable_path/Frameworks";
				PRODUCT_BUNDLE_IDENTIFIER = "edu.uw.washington.andre97.simple-calc";
				PRODUCT_NAME = "$(TARGET_NAME)";
				SWIFT_VERSION = 4.0;
				TARGETED_DEVICE_FAMILY = 1;
			};
			name = Debug;
		};
		65DCC0E5201E927D00D21220 /* Release */ = {
			isa = XCBuildConfiguration;
			buildSettings = {
				ASSETCATALOG_COMPILER_APPICON_NAME = AppIcon;
				CODE_SIGN_STYLE = Automatic;
				DEVELOPMENT_TEAM = 6YML4TDR38;
				INFOPLIST_FILE = "simple-calc/Info.plist";
				IPHONEOS_DEPLOYMENT_TARGET = 9.0;
				LD_RUNPATH_SEARCH_PATHS = "$(inherited) @executable_path/Frameworks";
				PRODUCT_BUNDLE_IDENTIFIER = "edu.uw.washington.andre97.simple-calc";
				PRODUCT_NAME = "$(TARGET_NAME)";
				SWIFT_VERSION = 4.0;
				TARGETED_DEVICE_FAMILY = 1;
			};
			name = Release;
		};
		65DCC0E7201E927D00D21220 /* Debug */ = {
			isa = XCBuildConfiguration;
			buildSettings = {
				ALWAYS_EMBED_SWIFT_STANDARD_LIBRARIES = YES;
				BUNDLE_LOADER = "$(TEST_HOST)";
				CODE_SIGN_STYLE = Automatic;
				INFOPLIST_FILE = "simple-calcTests/Info.plist";
				LD_RUNPATH_SEARCH_PATHS = "$(inherited) @executable_path/Frameworks @loader_path/Frameworks";
				PRODUCT_BUNDLE_IDENTIFIER = "edu.uw.washington.andre97.simple-calcTests";
				PRODUCT_NAME = "$(TARGET_NAME)";
				SWIFT_VERSION = 4.0;
				TARGETED_DEVICE_FAMILY = "1,2";
				TEST_HOST = "$(BUILT_PRODUCTS_DIR)/simple-calc.app/simple-calc";
			};
			name = Debug;
		};
		65DCC0E8201E927D00D21220 /* Release */ = {
			isa = XCBuildConfiguration;
			buildSettings = {
				ALWAYS_EMBED_SWIFT_STANDARD_LIBRARIES = YES;
				BUNDLE_LOADER = "$(TEST_HOST)";
				CODE_SIGN_STYLE = Automatic;
				INFOPLIST_FILE = "simple-calcTests/Info.plist";
				LD_RUNPATH_SEARCH_PATHS = "$(inherited) @executable_path/Frameworks @loader_path/Frameworks";
				PRODUCT_BUNDLE_IDENTIFIER = "edu.uw.washington.andre97.simple-calcTests";
				PRODUCT_NAME = "$(TARGET_NAME)";
				SWIFT_VERSION = 4.0;
				TARGETED_DEVICE_FAMILY = "1,2";
				TEST_HOST = "$(BUILT_PRODUCTS_DIR)/simple-calc.app/simple-calc";
			};
			name = Release;
		};
		65DCC0EA201E927D00D21220 /* Debug */ = {
			isa = XCBuildConfiguration;
			buildSettings = {
				ALWAYS_EMBED_SWIFT_STANDARD_LIBRARIES = YES;
				CODE_SIGN_STYLE = Automatic;
				INFOPLIST_FILE = "simple-calcUITests/Info.plist";
				LD_RUNPATH_SEARCH_PATHS = "$(inherited) @executable_path/Frameworks @loader_path/Frameworks";
				PRODUCT_BUNDLE_IDENTIFIER = "edu.uw.washington.andre97.simple-calcUITests";
				PRODUCT_NAME = "$(TARGET_NAME)";
				SWIFT_VERSION = 4.0;
				TARGETED_DEVICE_FAMILY = "1,2";
				TEST_TARGET_NAME = "simple-calc";
			};
			name = Debug;
		};
		65DCC0EB201E927D00D21220 /* Release */ = {
			isa = XCBuildConfiguration;
			buildSettings = {
				ALWAYS_EMBED_SWIFT_STANDARD_LIBRARIES = YES;
				CODE_SIGN_STYLE = Automatic;
				INFOPLIST_FILE = "simple-calcUITests/Info.plist";
				LD_RUNPATH_SEARCH_PATHS = "$(inherited) @executable_path/Frameworks @loader_path/Frameworks";
				PRODUCT_BUNDLE_IDENTIFIER = "edu.uw.washington.andre97.simple-calcUITests";
				PRODUCT_NAME = "$(TARGET_NAME)";
				SWIFT_VERSION = 4.0;
				TARGETED_DEVICE_FAMILY = "1,2";
				TEST_TARGET_NAME = "simple-calc";
			};
			name = Release;
		};
/* End XCBuildConfiguration section */

/* Begin XCConfigurationList section */
		65DCC0B6201E927D00D21220 /* Build configuration list for PBXProject "simple-calc" */ = {
			isa = XCConfigurationList;
			buildConfigurations = (
				65DCC0E1201E927D00D21220 /* Debug */,
				65DCC0E2201E927D00D21220 /* Release */,
			);
			defaultConfigurationIsVisible = 0;
			defaultConfigurationName = Release;
		};
		65DCC0E3201E927D00D21220 /* Build configuration list for PBXNativeTarget "simple-calc" */ = {
			isa = XCConfigurationList;
			buildConfigurations = (
				65DCC0E4201E927D00D21220 /* Debug */,
				65DCC0E5201E927D00D21220 /* Release */,
			);
			defaultConfigurationIsVisible = 0;
			defaultConfigurationName = Release;
		};
		65DCC0E6201E927D00D21220 /* Build configuration list for PBXNativeTarget "simple-calcTests" */ = {
			isa = XCConfigurationList;
			buildConfigurations = (
				65DCC0E7201E927D00D21220 /* Debug */,
				65DCC0E8201E927D00D21220 /* Release */,
			);
			defaultConfigurationIsVisible = 0;
			defaultConfigurationName = Release;
		};
		65DCC0E9201E927D00D21220 /* Build configuration list for PBXNativeTarget "simple-calcUITests" */ = {
			isa = XCConfigurationList;
			buildConfigurations = (
				65DCC0EA201E927D00D21220 /* Debug */,
				65DCC0EB201E927D00D21220 /* Release */,
			);
			defaultConfigurationIsVisible = 0;
			defaultConfigurationName = Release;
		};
/* End XCConfigurationList section */
	};
	rootObject = 65DCC0B3201E927D00D21220 /* Project object */;
}
